
Microsoft Visual Studio Solution File, Format Version 12.00
# Visual Studio Version 16
VisualStudioVersion = 16.0.30503.244
MinimumVisualStudioVersion = 10.0.40219.1
Project("{FAE04EC0-301F-11D3-BF4B-00C04F79EFBC}") = "server", "server\server.csproj", "{66D0CFA4-BB28-448C-8291-C5BDED9F06F5}"
EndProject
Global
	GlobalSection(SolutionConfigurationPlatforms) = preSolution
		Debug|Any CPU = Debug|Any CPU
		Release|Any CPU = Release|Any CPU
	EndGlobalSection
	GlobalSection(ProjectConfigurationPlatforms) = postSolution
		{66D0CFA4-BB28-448C-8291-C5BDED9F06F5}.Debug|Any CPU.ActiveCfg = Debug|Any CPU
		{66D0CFA4-BB28-448C-8291-C5BDED9F06F5}.Debug|Any CPU.Build.0 = Debug|Any CPU
		{66D0CFA4-BB28-448C-8291-C5BDED9F06F5}.Release|Any CPU.ActiveCfg = Release|Any CPU
		{66D0CFA4-BB28-448C-8291-C5BDED9F06F5}.Release|Any CPU.Build.0 = Release|Any CPU
	EndGlobalSection
	GlobalSection(SolutionProperties) = preSolution
		HideSolutionNode = FALSE
	EndGlobalSection
	GlobalSection(ExtensibilityGlobals) = postSolution
		SolutionGuid = {F8C53060-1DF8-4154-B26D-83C36E075E3E}
	EndGlobalSection
EndGlobal
